// !$*UTF8*$!
{
	archiveVersion = 1;
	classes = {
	};
	objectVersion = 50;
	objects = {

/* Begin PBXBuildFile section */
		0DA559E0224E34D100A6C229 /* CiTestFramework.framework in Frameworks */ = {isa = PBXBuildFile; fileRef = 0DA559D6224E34D100A6C229 /* CiTestFramework.framework */; };
		0DA559E5224E34D100A6C229 /* CiTestFrameworkTests.m in Sources */ = {isa = PBXBuildFile; fileRef = 0DA559E4224E34D100A6C229 /* CiTestFrameworkTests.m */; };
		0DA559E7224E34D100A6C229 /* CiTestFramework.h in Headers */ = {isa = PBXBuildFile; fileRef = 0DA559D9224E34D100A6C229 /* CiTestFramework.h */; settings = {ATTRIBUTES = (Public, ); }; };
		0DA55A00224E518300A6C229 /* Functionality.h in Headers */ = {isa = PBXBuildFile; fileRef = 0DA559FE224E518300A6C229 /* Functionality.h */; settings = {ATTRIBUTES = (Public, ); }; };
		0DA55A01224E518300A6C229 /* Functionality.m in Sources */ = {isa = PBXBuildFile; fileRef = 0DA559FF224E518300A6C229 /* Functionality.m */; };
		0DA55A03224E51B200A6C229 /* Functionality_Test.m in Sources */ = {isa = PBXBuildFile; fileRef = 0DA55A02224E51B200A6C229 /* Functionality_Test.m */; };
/* End PBXBuildFile section */

/* Begin PBXContainerItemProxy section */
		0DA559E1224E34D100A6C229 /* PBXContainerItemProxy */ = {
			isa = PBXContainerItemProxy;
			containerPortal = 0DA559CD224E34D100A6C229 /* Project object */;
			proxyType = 1;
			remoteGlobalIDString = 0DA559D5224E34D100A6C229;
			remoteInfo = CiTestFramework;
		};
/* End PBXContainerItemProxy section */

/* Begin PBXFileReference section */
		0DA559D6224E34D100A6C229 /* CiTestFramework.framework */ = {isa = PBXFileReference; explicitFileType = wrapper.framework; includeInIndex = 0; path = CiTestFramework.framework; sourceTree = BUILT_PRODUCTS_DIR; };
		0DA559D9224E34D100A6C229 /* CiTestFramework.h */ = {isa = PBXFileReference; lastKnownFileType = sourcecode.c.h; path = CiTestFramework.h; sourceTree = "<group>"; };
		0DA559DA224E34D100A6C229 /* Info.plist */ = {isa = PBXFileReference; lastKnownFileType = text.plist.xml; path = Info.plist; sourceTree = "<group>"; };
		0DA559DF224E34D100A6C229 /* CiTestFrameworkTests.xctest */ = {isa = PBXFileReference; explicitFileType = wrapper.cfbundle; includeInIndex = 0; path = CiTestFrameworkTests.xctest; sourceTree = BUILT_PRODUCTS_DIR; };
		0DA559E4224E34D100A6C229 /* CiTestFrameworkTests.m */ = {isa = PBXFileReference; lastKnownFileType = sourcecode.c.objc; path = CiTestFrameworkTests.m; sourceTree = "<group>"; };
		0DA559E6224E34D100A6C229 /* Info.plist */ = {isa = PBXFileReference; lastKnownFileType = text.plist.xml; path = Info.plist; sourceTree = "<group>"; };
		0DA559FE224E518300A6C229 /* Functionality.h */ = {isa = PBXFileReference; lastKnownFileType = sourcecode.c.h; path = Functionality.h; sourceTree = "<group>"; };
		0DA559FF224E518300A6C229 /* Functionality.m */ = {isa = PBXFileReference; lastKnownFileType = sourcecode.c.objc; path = Functionality.m; sourceTree = "<group>"; };
		0DA55A02224E51B200A6C229 /* Functionality_Test.m */ = {isa = PBXFileReference; lastKnownFileType = sourcecode.c.objc; path = Functionality_Test.m; sourceTree = "<group>"; };
/* End PBXFileReference section */

/* Begin PBXFrameworksBuildPhase section */
		0DA559D3224E34D100A6C229 /* Frameworks */ = {
			isa = PBXFrameworksBuildPhase;
			buildActionMask = 2147483647;
			files = (
			);
			runOnlyForDeploymentPostprocessing = 0;
		};
		0DA559DC224E34D100A6C229 /* Frameworks */ = {
			isa = PBXFrameworksBuildPhase;
			buildActionMask = 2147483647;
			files = (
				0DA559E0224E34D100A6C229 /* CiTestFramework.framework in Frameworks */,
			);
			runOnlyForDeploymentPostprocessing = 0;
		};
/* End PBXFrameworksBuildPhase section */

/* Begin PBXGroup section */
		0DA559CC224E34D100A6C229 = {
			isa = PBXGroup;
			children = (
				0DA559D8224E34D100A6C229 /* CiTestFramework */,
				0DA559E3224E34D100A6C229 /* CiTestFrameworkTests */,
				0DA559D7224E34D100A6C229 /* Products */,
			);
			sourceTree = "<group>";
		};
		0DA559D7224E34D100A6C229 /* Products */ = {
			isa = PBXGroup;
			children = (
				0DA559D6224E34D100A6C229 /* CiTestFramework.framework */,
				0DA559DF224E34D100A6C229 /* CiTestFrameworkTests.xctest */,
			);
			name = Products;
			sourceTree = "<group>";
		};
		0DA559D8224E34D100A6C229 /* CiTestFramework */ = {
			isa = PBXGroup;
			children = (
				0DA559D9224E34D100A6C229 /* CiTestFramework.h */,
				0DA559FE224E518300A6C229 /* Functionality.h */,
				0DA559FF224E518300A6C229 /* Functionality.m */,
				0DA559DA224E34D100A6C229 /* Info.plist */,
			);
			path = CiTestFramework;
			sourceTree = "<group>";
		};
		0DA559E3224E34D100A6C229 /* CiTestFrameworkTests */ = {
			isa = PBXGroup;
			children = (
				0DA559E4224E34D100A6C229 /* CiTestFrameworkTests.m */,
				0DA559E6224E34D100A6C229 /* Info.plist */,
				0DA55A02224E51B200A6C229 /* Functionality_Test.m */,
			);
			path = CiTestFrameworkTests;
			sourceTree = "<group>";
		};
/* End PBXGroup section */

/* Begin PBXHeadersBuildPhase section */
		0DA559D1224E34D100A6C229 /* Headers */ = {
			isa = PBXHeadersBuildPhase;
			buildActionMask = 2147483647;
			files = (
				0DA559E7224E34D100A6C229 /* CiTestFramework.h in Headers */,
				0DA55A00224E518300A6C229 /* Functionality.h in Headers */,
			);
			runOnlyForDeploymentPostprocessing = 0;
		};
/* End PBXHeadersBuildPhase section */

/* Begin PBXNativeTarget section */
		0DA559D5224E34D100A6C229 /* CiTestFramework */ = {
			isa = PBXNativeTarget;
			buildConfigurationList = 0DA559EA224E34D100A6C229 /* Build configuration list for PBXNativeTarget "CiTestFramework" */;
			buildPhases = (
				0DA559D1224E34D100A6C229 /* Headers */,
				0DA559D2224E34D100A6C229 /* Sources */,
				0DA559D3224E34D100A6C229 /* Frameworks */,
				0DA559D4224E34D100A6C229 /* Resources */,
			);
			buildRules = (
			);
			dependencies = (
			);
			name = CiTestFramework;
			productName = CiTestFramework;
			productReference = 0DA559D6224E34D100A6C229 /* CiTestFramework.framework */;
			productType = "com.apple.product-type.framework";
		};
		0DA559DE224E34D100A6C229 /* CiTestFrameworkTests */ = {
			isa = PBXNativeTarget;
			buildConfigurationList = 0DA559ED224E34D100A6C229 /* Build configuration list for PBXNativeTarget "CiTestFrameworkTests" */;
			buildPhases = (
				0DA559DB224E34D100A6C229 /* Sources */,
				0DA559DC224E34D100A6C229 /* Frameworks */,
				0DA559DD224E34D100A6C229 /* Resources */,
			);
			buildRules = (
			);
			dependencies = (
				0DA559E2224E34D100A6C229 /* PBXTargetDependency */,
			);
			name = CiTestFrameworkTests;
			productName = CiTestFrameworkTests;
			productReference = 0DA559DF224E34D100A6C229 /* CiTestFrameworkTests.xctest */;
			productType = "com.apple.product-type.bundle.unit-test";
		};
/* End PBXNativeTarget section */

/* Begin PBXProject section */
		0DA559CD224E34D100A6C229 /* Project object */ = {
			isa = PBXProject;
			attributes = {
				LastUpgradeCheck = 1020;
				ORGANIZATIONNAME = "Karol Szafrański";
				TargetAttributes = {
					0DA559D5224E34D100A6C229 = {
						CreatedOnToolsVersion = 10.2;
					};
					0DA559DE224E34D100A6C229 = {
						CreatedOnToolsVersion = 10.2;
					};
				};
			};
			buildConfigurationList = 0DA559D0224E34D100A6C229 /* Build configuration list for PBXProject "CiTestFramework" */;
			compatibilityVersion = "Xcode 9.3";
			developmentRegion = en;
			hasScannedForEncodings = 0;
			knownRegions = (
				en,
			);
			mainGroup = 0DA559CC224E34D100A6C229;
			productRefGroup = 0DA559D7224E34D100A6C229 /* Products */;
			projectDirPath = "";
			projectRoot = "";
			targets = (
				0DA559D5224E34D100A6C229 /* CiTestFramework */,
				0DA559DE224E34D100A6C229 /* CiTestFrameworkTests */,
			);
		};
/* End PBXProject section */

/* Begin PBXResourcesBuildPhase section */
		0DA559D4224E34D100A6C229 /* Resources */ = {
			isa = PBXResourcesBuildPhase;
			buildActionMask = 2147483647;
			files = (
			);
			runOnlyForDeploymentPostprocessing = 0;
		};
		0DA559DD224E34D100A6C229 /* Resources */ = {
			isa = PBXResourcesBuildPhase;
			buildActionMask = 2147483647;
			files = (
			);
			runOnlyForDeploymentPostprocessing = 0;
		};
/* End PBXResourcesBuildPhase section */

/* Begin PBXSourcesBuildPhase section */
		0DA559D2224E34D100A6C229 /* Sources */ = {
			isa = PBXSourcesBuildPhase;
			buildActionMask = 2147483647;
			files = (
				0DA55A01224E518300A6C229 /* Functionality.m in Sources */,
			);
			runOnlyForDeploymentPostprocessing = 0;
		};
		0DA559DB224E34D100A6C229 /* Sources */ = {
			isa = PBXSourcesBuildPhase;
			buildActionMask = 2147483647;
			files = (
				0DA559E5224E34D100A6C229 /* CiTestFrameworkTests.m in Sources */,
				0DA55A03224E51B200A6C229 /* Functionality_Test.m in Sources */,
			);
			runOnlyForDeploymentPostprocessing = 0;
		};
/* End PBXSourcesBuildPhase section */

/* Begin PBXTargetDependency section */
		0DA559E2224E34D100A6C229 /* PBXTargetDependency */ = {
			isa = PBXTargetDependency;
			target = 0DA559D5224E34D100A6C229 /* CiTestFramework */;
			targetProxy = 0DA559E1224E34D100A6C229 /* PBXContainerItemProxy */;
		};
/* End PBXTargetDependency section */

/* Begin XCBuildConfiguration section */
		0DA559E8224E34D100A6C229 /* Debug */ = {
			isa = XCBuildConfiguration;
			buildSettings = {
				ALWAYS_SEARCH_USER_PATHS = NO;
				CLANG_ANALYZER_NONNULL = YES;
				CLANG_ANALYZER_NUMBER_OBJECT_CONVERSION = YES_AGGRESSIVE;
				CLANG_CXX_LANGUAGE_STANDARD = "gnu++14";
				CLANG_CXX_LIBRARY = "libc++";
				CLANG_ENABLE_MODULES = YES;
				CLANG_ENABLE_OBJC_ARC = YES;
				CLANG_ENABLE_OBJC_WEAK = YES;
				CLANG_WARN_BLOCK_CAPTURE_AUTORELEASING = YES;
				CLANG_WARN_BOOL_CONVERSION = YES;
				CLANG_WARN_COMMA = YES;
				CLANG_WARN_CONSTANT_CONVERSION = YES;
				CLANG_WARN_DEPRECATED_OBJC_IMPLEMENTATIONS = YES;
				CLANG_WARN_DIRECT_OBJC_ISA_USAGE = YES_ERROR;
				CLANG_WARN_DOCUMENTATION_COMMENTS = YES;
				CLANG_WARN_EMPTY_BODY = YES;
				CLANG_WARN_ENUM_CONVERSION = YES;
				CLANG_WARN_INFINITE_RECURSION = YES;
				CLANG_WARN_INT_CONVERSION = YES;
				CLANG_WARN_NON_LITERAL_NULL_CONVERSION = YES;
				CLANG_WARN_OBJC_IMPLICIT_RETAIN_SELF = YES;
				CLANG_WARN_OBJC_LITERAL_CONVERSION = YES;
				CLANG_WARN_OBJC_ROOT_CLASS = YES_ERROR;
				CLANG_WARN_RANGE_LOOP_ANALYSIS = YES;
				CLANG_WARN_STRICT_PROTOTYPES = YES;
				CLANG_WARN_SUSPICIOUS_MOVE = YES;
				CLANG_WARN_UNGUARDED_AVAILABILITY = YES_AGGRESSIVE;
				CLANG_WARN_UNREACHABLE_CODE = YES;
				CLANG_WARN__DUPLICATE_METHOD_MATCH = YES;
				CODE_SIGN_IDENTITY = "iPhone Developer";
				COPY_PHASE_STRIP = NO;
				CURRENT_PROJECT_VERSION = 1;
				DEBUG_INFORMATION_FORMAT = dwarf;
				ENABLE_STRICT_OBJC_MSGSEND = YES;
				ENABLE_TESTABILITY = YES;
				GCC_C_LANGUAGE_STANDARD = gnu11;
				GCC_DYNAMIC_NO_PIC = NO;
				GCC_NO_COMMON_BLOCKS = YES;
				GCC_OPTIMIZATION_LEVEL = 0;
				GCC_PREPROCESSOR_DEFINITIONS = (
					"DEBUG=1",
					"$(inherited)",
				);
				GCC_WARN_64_TO_32_BIT_CONVERSION = YES;
				GCC_WARN_ABOUT_RETURN_TYPE = YES_ERROR;
				GCC_WARN_UNDECLARED_SELECTOR = YES;
				GCC_WARN_UNINITIALIZED_AUTOS = YES_AGGRESSIVE;
				GCC_WARN_UNUSED_FUNCTION = YES;
				GCC_WARN_UNUSED_VARIABLE = YES;
				IPHONEOS_DEPLOYMENT_TARGET = 12.2;
				MTL_ENABLE_DEBUG_INFO = INCLUDE_SOURCE;
				MTL_FAST_MATH = YES;
				ONLY_ACTIVE_ARCH = YES;
				SDKROOT = iphoneos;
				VERSIONING_SYSTEM = "apple-generic";
				VERSION_INFO_PREFIX = "";
			};
			name = Debug;
		};
		0DA559E9224E34D100A6C229 /* Release */ = {
			isa = XCBuildConfiguration;
			buildSettings = {
				ALWAYS_SEARCH_USER_PATHS = NO;
				CLANG_ANALYZER_NONNULL = YES;
				CLANG_ANALYZER_NUMBER_OBJECT_CONVERSION = YES_AGGRESSIVE;
				CLANG_CXX_LANGUAGE_STANDARD = "gnu++14";
				CLANG_CXX_LIBRARY = "libc++";
				CLANG_ENABLE_MODULES = YES;
				CLANG_ENABLE_OBJC_ARC = YES;
				CLANG_ENABLE_OBJC_WEAK = YES;
				CLANG_WARN_BLOCK_CAPTURE_AUTORELEASING = YES;
				CLANG_WARN_BOOL_CONVERSION = YES;
				CLANG_WARN_COMMA = YES;
				CLANG_WARN_CONSTANT_CONVERSION = YES;
				CLANG_WARN_DEPRECATED_OBJC_IMPLEMENTATIONS = YES;
				CLANG_WARN_DIRECT_OBJC_ISA_USAGE = YES_ERROR;
				CLANG_WARN_DOCUMENTATION_COMMENTS = YES;
				CLANG_WARN_EMPTY_BODY = YES;
				CLANG_WARN_ENUM_CONVERSION = YES;
				CLANG_WARN_INFINITE_RECURSION = YES;
				CLANG_WARN_INT_CONVERSION = YES;
				CLANG_WARN_NON_LITERAL_NULL_CONVERSION = YES;
				CLANG_WARN_OBJC_IMPLICIT_RETAIN_SELF = YES;
				CLANG_WARN_OBJC_LITERAL_CONVERSION = YES;
				CLANG_WARN_OBJC_ROOT_CLASS = YES_ERROR;
				CLANG_WARN_RANGE_LOOP_ANALYSIS = YES;
				CLANG_WARN_STRICT_PROTOTYPES = YES;
				CLANG_WARN_SUSPICIOUS_MOVE = YES;
				CLANG_WARN_UNGUARDED_AVAILABILITY = YES_AGGRESSIVE;
				CLANG_WARN_UNREACHABLE_CODE = YES;
				CLANG_WARN__DUPLICATE_METHOD_MATCH = YES;
				CODE_SIGN_IDENTITY = "iPhone Developer";
				COPY_PHASE_STRIP = NO;
				CURRENT_PROJECT_VERSION = 1;
				DEBUG_INFORMATION_FORMAT = "dwarf-with-dsym";
				ENABLE_NS_ASSERTIONS = NO;
				ENABLE_STRICT_OBJC_MSGSEND = YES;
				GCC_C_LANGUAGE_STANDARD = gnu11;
				GCC_NO_COMMON_BLOCKS = YES;
				GCC_WARN_64_TO_32_BIT_CONVERSION = YES;
				GCC_WARN_ABOUT_RETURN_TYPE = YES_ERROR;
				GCC_WARN_UNDECLARED_SELECTOR = YES;
				GCC_WARN_UNINITIALIZED_AUTOS = YES_AGGRESSIVE;
				GCC_WARN_UNUSED_FUNCTION = YES;
				GCC_WARN_UNUSED_VARIABLE = YES;
				IPHONEOS_DEPLOYMENT_TARGET = 12.2;
				MTL_ENABLE_DEBUG_INFO = NO;
				MTL_FAST_MATH = YES;
				SDKROOT = iphoneos;
				VALIDATE_PRODUCT = YES;
				VERSIONING_SYSTEM = "apple-generic";
				VERSION_INFO_PREFIX = "";
			};
			name = Release;
		};
		0DA559EB224E34D100A6C229 /* Debug */ = {
			isa = XCBuildConfiguration;
			buildSettings = {
				CODE_SIGN_IDENTITY = "";
				CODE_SIGN_STYLE = Automatic;
				DEFINES_MODULE = YES;
				DYLIB_COMPATIBILITY_VERSION = 1;
				DYLIB_CURRENT_VERSION = 1;
				DYLIB_INSTALL_NAME_BASE = "@rpath";
				INFOPLIST_FILE = CiTestFramework/Info.plist;
				INSTALL_PATH = "$(LOCAL_LIBRARY_DIR)/Frameworks";
				LD_RUNPATH_SEARCH_PATHS = (
					"$(inherited)",
					"@executable_path/Frameworks",
					"@loader_path/Frameworks",
				);
				PRODUCT_BUNDLE_IDENTIFIER = com.eclipsesource.CiTestFramework;
				PRODUCT_NAME = "$(TARGET_NAME:c99extidentifier)";
				SKIP_INSTALL = YES;
				TARGETED_DEVICE_FAMILY = "1,2";
			};
			name = Debug;
		};
		0DA559EC224E34D100A6C229 /* Release */ = {
			isa = XCBuildConfiguration;
			buildSettings = {
				CODE_SIGN_IDENTITY = "";
				CODE_SIGN_STYLE = Automatic;
				DEFINES_MODULE = YES;
				DYLIB_COMPATIBILITY_VERSION = 1;
				DYLIB_CURRENT_VERSION = 1;
				DYLIB_INSTALL_NAME_BASE = "@rpath";
				INFOPLIST_FILE = CiTestFramework/Info.plist;
				INSTALL_PATH = "$(LOCAL_LIBRARY_DIR)/Frameworks";
				LD_RUNPATH_SEARCH_PATHS = (
					"$(inherited)",
					"@executable_path/Frameworks",
					"@loader_path/Frameworks",
				);
				PRODUCT_BUNDLE_IDENTIFIER = com.eclipsesource.CiTestFramework;
				PRODUCT_NAME = "$(TARGET_NAME:c99extidentifier)";
				SKIP_INSTALL = YES;
				TARGETED_DEVICE_FAMILY = "1,2";
			};
			name = Release;
		};
		0DA559EE224E34D100A6C229 /* Debug */ = {
			isa = XCBuildConfiguration;
			buildSettings = {
				CODE_SIGN_STYLE = Automatic;
				INFOPLIST_FILE = CiTestFrameworkTests/Info.plist;
				LD_RUNPATH_SEARCH_PATHS = (
					"$(inherited)",
					"@executable_path/Frameworks",
					"@loader_path/Frameworks",
				);
				PRODUCT_BUNDLE_IDENTIFIER = com.eclipsesource.CiTestFrameworkTests;
				PRODUCT_NAME = "$(TARGET_NAME)";
				TARGETED_DEVICE_FAMILY = "1,2";
			};
			name = Debug;
		};
		0DA559EF224E34D100A6C229 /* Release */ = {
			isa = XCBuildConfiguration;
			buildSettings = {
				CODE_SIGN_STYLE = Automatic;
				INFOPLIST_FILE = CiTestFrameworkTests/Info.plist;
				LD_RUNPATH_SEARCH_PATHS = (
					"$(inherited)",
					"@executable_path/Frameworks",
					"@loader_path/Frameworks",
				);
				PRODUCT_BUNDLE_IDENTIFIER = com.eclipsesource.CiTestFrameworkTests;
				PRODUCT_NAME = "$(TARGET_NAME)";
				TARGETED_DEVICE_FAMILY = "1,2";
			};
			name = Release;
		};
/* End XCBuildConfiguration section */

/* Begin XCConfigurationList section */
		0DA559D0224E34D100A6C229 /* Build configuration list for PBXProject "CiTestFramework" */ = {
			isa = XCConfigurationList;
			buildConfigurations = (
				0DA559E8224E34D100A6C229 /* Debug */,
				0DA559E9224E34D100A6C229 /* Release */,
			);
			defaultConfigurationIsVisible = 0;
			defaultConfigurationName = Release;
		};
		0DA559EA224E34D100A6C229 /* Build configuration list for PBXNativeTarget "CiTestFramework" */ = {
			isa = XCConfigurationList;
			buildConfigurations = (
				0DA559EB224E34D100A6C229 /* Debug */,
				0DA559EC224E34D100A6C229 /* Release */,
			);
			defaultConfigurationIsVisible = 0;
			defaultConfigurationName = Release;
		};
		0DA559ED224E34D100A6C229 /* Build configuration list for PBXNativeTarget "CiTestFrameworkTests" */ = {
			isa = XCConfigurationList;
			buildConfigurations = (
				0DA559EE224E34D100A6C229 /* Debug */,
				0DA559EF224E34D100A6C229 /* Release */,
			);
			defaultConfigurationIsVisible = 0;
			defaultConfigurationName = Release;
		};
/* End XCConfigurationList section */
	};
	rootObject = 0DA559CD224E34D100A6C229 /* Project object */;
}
